
Microsoft Visual Studio Solution File, Format Version 12.00
# Visual Studio Version 16
VisualStudioVersion = 16.0.29230.47
MinimumVisualStudioVersion = 10.0.40219.1
Project("{FAE04EC0-301F-11D3-BF4B-00C04F79EFBC}") = "TextWebService", "TextWebService\TextWebService.csproj", "{02BE98C8-D193-40F1-A5AC-87A936B2FC30}"
EndProject
Project("{FAE04EC0-301F-11D3-BF4B-00C04F79EFBC}") = "TextWebServiceClient", "TextWebServiceClient\TextWebServiceClient.csproj", "{3F980C4E-4CE0-4229-9523-F3ADA6E6D9AA}"
EndProject
Global
	GlobalSection(SolutionConfigurationPlatforms) = preSolution
		Debug|Any CPU = Debug|Any CPU
		Release|Any CPU = Release|Any CPU
	EndGlobalSection
	GlobalSection(ProjectConfigurationPlatforms) = postSolution
		{02BE98C8-D193-40F1-A5AC-87A936B2FC30}.Debug|Any CPU.ActiveCfg = Debug|Any CPU
		{02BE98C8-D193-40F1-A5AC-87A936B2FC30}.Debug|Any CPU.Build.0 = Debug|Any CPU
		{02BE98C8-D193-40F1-A5AC-87A936B2FC30}.Release|Any CPU.ActiveCfg = Release|Any CPU
		{02BE98C8-D193-40F1-A5AC-87A936B2FC30}.Release|Any CPU.Build.0 = Release|Any CPU
		{3F980C4E-4CE0-4229-9523-F3ADA6E6D9AA}.Debug|Any CPU.ActiveCfg = Debug|Any CPU
		{3F980C4E-4CE0-4229-9523-F3ADA6E6D9AA}.Debug|Any CPU.Build.0 = Debug|Any CPU
		{3F980C4E-4CE0-4229-9523-F3ADA6E6D9AA}.Release|Any CPU.ActiveCfg = Release|Any CPU
		{3F980C4E-4CE0-4229-9523-F3ADA6E6D9AA}.Release|Any CPU.Build.0 = Release|Any CPU
	EndGlobalSection
	GlobalSection(SolutionProperties) = preSolution
		HideSolutionNode = FALSE
	EndGlobalSection
	GlobalSection(ExtensibilityGlobals) = postSolution
		SolutionGuid = {7B559C8A-AAC1-48FC-9AE7-FC033E335F5C}
	EndGlobalSection
EndGlobal
